
Microsoft Visual Studio Solution File, Format Version 12.00
# Visual Studio Version 17
VisualStudioVersion = 17.11.35312.102
MinimumVisualStudioVersion = 10.0.40219.1
Project("{FAE04EC0-301F-11D3-BF4B-00C04F79EFBC}") = "PIOGHOASIS", "PIOGHOASIS.csproj", "{20555447-22A9-420E-950F-E417B4C5BB9D}"
EndProject
Global
	GlobalSection(SolutionConfigurationPlatforms) = preSolution
		Debug|Any CPU = Debug|Any CPU
		Release|Any CPU = Release|Any CPU
	EndGlobalSection
	GlobalSection(ProjectConfigurationPlatforms) = postSolution
		{20555447-22A9-420E-950F-E417B4C5BB9D}.Debug|Any CPU.ActiveCfg = Debug|Any CPU
		{20555447-22A9-420E-950F-E417B4C5BB9D}.Debug|Any CPU.Build.0 = Debug|Any CPU
		{20555447-22A9-420E-950F-E417B4C5BB9D}.Release|Any CPU.ActiveCfg = Release|Any CPU
		{20555447-22A9-420E-950F-E417B4C5BB9D}.Release|Any CPU.Build.0 = Release|Any CPU
	EndGlobalSection
	GlobalSection(SolutionProperties) = preSolution
		HideSolutionNode = FALSE
	EndGlobalSection
	GlobalSection(ExtensibilityGlobals) = postSolution
		SolutionGuid = {1AE52E2D-B703-45E8-B81F-E8DF6DBEB194}
	EndGlobalSection
EndGlobal
